
Microsoft Visual Studio Solution File, Format Version 12.00
# Visual Studio Version 16
VisualStudioVersion = 16.0.30804.86
MinimumVisualStudioVersion = 10.0.40219.1
Project("{FAE04EC0-301F-11D3-BF4B-00C04F79EFBC}") = "WebApplication", "WebApplication\WebApplication.csproj", "{C208E2FE-EBD8-4787-A8D6-E7AD002659FF}"
EndProject
Global
	GlobalSection(SolutionConfigurationPlatforms) = preSolution
		Debug|Any CPU = Debug|Any CPU
		Release|Any CPU = Release|Any CPU
	EndGlobalSection
	GlobalSection(ProjectConfigurationPlatforms) = postSolution
		{C208E2FE-EBD8-4787-A8D6-E7AD002659FF}.Debug|Any CPU.ActiveCfg = Debug|Any CPU
		{C208E2FE-EBD8-4787-A8D6-E7AD002659FF}.Debug|Any CPU.Build.0 = Debug|Any CPU
		{C208E2FE-EBD8-4787-A8D6-E7AD002659FF}.Release|Any CPU.ActiveCfg = Release|Any CPU
		{C208E2FE-EBD8-4787-A8D6-E7AD002659FF}.Release|Any CPU.Build.0 = Release|Any CPU
	EndGlobalSection
	GlobalSection(SolutionProperties) = preSolution
		HideSolutionNode = FALSE
	EndGlobalSection
	GlobalSection(ExtensibilityGlobals) = postSolution
		SolutionGuid = {D37D84BB-D5B4-4C27-8321-608FFC1120F0}
	EndGlobalSection
EndGlobal
